# THIS IS AN AUTOGENERATED FILE. DO NOT EDIT THIS FILE DIRECTLY.
# yarn lockfile v1


gdal-js@2.0.0:
  version "2.0.0"
  resolved "https://registry.yarnpkg.com/gdal-js/-/gdal-js-2.0.0.tgz#8b30fc0ca5932e9eb185f9678d2ad9091b29d77b"
  integrity sha512-7FzClImugPJsu/kIV884JN++cwnbh9oIE9p1tJuNDyCJS++i3IiL4uJaOYKKr3rqPOv7ECeHCfwW7r50rF04yg==

loam@^1.1.0:
  version "1.1.0"
  resolved "https://registry.yarnpkg.com/loam/-/loam-1.1.0.tgz#7d7094dfae6033aee964675661d611748967e911"
  integrity sha512-u3eCpxGSzor5Vbmr5ABfLifvs1OlD0/YmTFMEVDtu83l/thuh2S2x2GMXrLQ/TA+9Q06P6SO//ufbqOQfwUiKg==
  dependencies:
    gdal-js "2.0.0"
